
Microsoft Visual Studio Solution File, Format Version 11.00
# Visual Studio 2010
Project("{FAE04EC0-301F-11D3-BF4B-00C04F79EFBC}") = "Jigoku", "Jigoku\Jigoku.csproj", "{0F2A953F-3989-4767-917F-C4C9A66990E6}"
EndProject
Project("{FAE04EC0-301F-11D3-BF4B-00C04F79EFBC}") = "Jigoku.ORM", "Jigoku.ORM\Jigoku.ORM.csproj", "{FAF231EA-2C47-484C-9099-9327F46A2B09}"
EndProject
Project("{FAE04EC0-301F-11D3-BF4B-00C04F79EFBC}") = "Jikogu.Tests", "..\Jikogu.Tests\Jikogu.Tests.csproj", "{7EDB2300-AD5F-4295-BDCC-14F08AFE71DD}"
EndProject
Project("{FAE04EC0-301F-11D3-BF4B-00C04F79EFBC}") = "Jigoku.Core", "Jigoku.Core\Jigoku.Core.csproj", "{F9F19A16-790B-4A17-A0A5-D8150A92C09F}"
EndProject
Global
	GlobalSection(SolutionConfigurationPlatforms) = preSolution
		Debug|Any CPU = Debug|Any CPU
		Debug|Mixed Platforms = Debug|Mixed Platforms
		Debug|x86 = Debug|x86
		Release|Any CPU = Release|Any CPU
		Release|Mixed Platforms = Release|Mixed Platforms
		Release|x86 = Release|x86
	EndGlobalSection
	GlobalSection(ProjectConfigurationPlatforms) = postSolution
		{0F2A953F-3989-4767-917F-C4C9A66990E6}.Debug|Any CPU.ActiveCfg = Debug|Any CPU
		{0F2A953F-3989-4767-917F-C4C9A66990E6}.Debug|Any CPU.Build.0 = Debug|Any CPU
		{0F2A953F-3989-4767-917F-C4C9A66990E6}.Debug|Mixed Platforms.ActiveCfg = Debug|Any CPU
		{0F2A953F-3989-4767-917F-C4C9A66990E6}.Debug|Mixed Platforms.Build.0 = Debug|Any CPU
		{0F2A953F-3989-4767-917F-C4C9A66990E6}.Debug|x86.ActiveCfg = Debug|Any CPU
		{0F2A953F-3989-4767-917F-C4C9A66990E6}.Release|Any CPU.ActiveCfg = Release|Any CPU
		{0F2A953F-3989-4767-917F-C4C9A66990E6}.Release|Any CPU.Build.0 = Release|Any CPU
		{0F2A953F-3989-4767-917F-C4C9A66990E6}.Release|Mixed Platforms.ActiveCfg = Release|Any CPU
		{0F2A953F-3989-4767-917F-C4C9A66990E6}.Release|Mixed Platforms.Build.0 = Release|Any CPU
		{0F2A953F-3989-4767-917F-C4C9A66990E6}.Release|x86.ActiveCfg = Release|Any CPU
		{FAF231EA-2C47-484C-9099-9327F46A2B09}.Debug|Any CPU.ActiveCfg = Debug|Any CPU
		{FAF231EA-2C47-484C-9099-9327F46A2B09}.Debug|Any CPU.Build.0 = Debug|Any CPU
		{FAF231EA-2C47-484C-9099-9327F46A2B09}.Debug|Mixed Platforms.ActiveCfg = Debug|Any CPU
		{FAF231EA-2C47-484C-9099-9327F46A2B09}.Debug|Mixed Platforms.Build.0 = Debug|Any CPU
		{FAF231EA-2C47-484C-9099-9327F46A2B09}.Debug|x86.ActiveCfg = Debug|Any CPU
		{FAF231EA-2C47-484C-9099-9327F46A2B09}.Release|Any CPU.ActiveCfg = Release|Any CPU
		{FAF231EA-2C47-484C-9099-9327F46A2B09}.Release|Any CPU.Build.0 = Release|Any CPU
		{FAF231EA-2C47-484C-9099-9327F46A2B09}.Release|Mixed Platforms.ActiveCfg = Release|Any CPU
		{FAF231EA-2C47-484C-9099-9327F46A2B09}.Release|Mixed Platforms.Build.0 = Release|Any CPU
		{FAF231EA-2C47-484C-9099-9327F46A2B09}.Release|x86.ActiveCfg = Release|Any CPU
		{7EDB2300-AD5F-4295-BDCC-14F08AFE71DD}.Debug|Any CPU.ActiveCfg = Debug|x86
		{7EDB2300-AD5F-4295-BDCC-14F08AFE71DD}.Debug|Mixed Platforms.ActiveCfg = Debug|x86
		{7EDB2300-AD5F-4295-BDCC-14F08AFE71DD}.Debug|Mixed Platforms.Build.0 = Debug|x86
		{7EDB2300-AD5F-4295-BDCC-14F08AFE71DD}.Debug|x86.ActiveCfg = Debug|x86
		{7EDB2300-AD5F-4295-BDCC-14F08AFE71DD}.Debug|x86.Build.0 = Debug|x86
		{7EDB2300-AD5F-4295-BDCC-14F08AFE71DD}.Release|Any CPU.ActiveCfg = Release|x86
		{7EDB2300-AD5F-4295-BDCC-14F08AFE71DD}.Release|Mixed Platforms.ActiveCfg = Release|x86
		{7EDB2300-AD5F-4295-BDCC-14F08AFE71DD}.Release|Mixed Platforms.Build.0 = Release|x86
		{7EDB2300-AD5F-4295-BDCC-14F08AFE71DD}.Release|x86.ActiveCfg = Release|x86
		{7EDB2300-AD5F-4295-BDCC-14F08AFE71DD}.Release|x86.Build.0 = Release|x86
		{F9F19A16-790B-4A17-A0A5-D8150A92C09F}.Debug|Any CPU.ActiveCfg = Debug|Any CPU
		{F9F19A16-790B-4A17-A0A5-D8150A92C09F}.Debug|Any CPU.Build.0 = Debug|Any CPU
		{F9F19A16-790B-4A17-A0A5-D8150A92C09F}.Debug|Mixed Platforms.ActiveCfg = Debug|Any CPU
		{F9F19A16-790B-4A17-A0A5-D8150A92C09F}.Debug|Mixed Platforms.Build.0 = Debug|Any CPU
		{F9F19A16-790B-4A17-A0A5-D8150A92C09F}.Debug|x86.ActiveCfg = Debug|Any CPU
		{F9F19A16-790B-4A17-A0A5-D8150A92C09F}.Release|Any CPU.ActiveCfg = Release|Any CPU
		{F9F19A16-790B-4A17-A0A5-D8150A92C09F}.Release|Any CPU.Build.0 = Release|Any CPU
		{F9F19A16-790B-4A17-A0A5-D8150A92C09F}.Release|Mixed Platforms.ActiveCfg = Release|Any CPU
		{F9F19A16-790B-4A17-A0A5-D8150A92C09F}.Release|Mixed Platforms.Build.0 = Release|Any CPU
		{F9F19A16-790B-4A17-A0A5-D8150A92C09F}.Release|x86.ActiveCfg = Release|Any CPU
	EndGlobalSection
	GlobalSection(SolutionProperties) = preSolution
		HideSolutionNode = FALSE
	EndGlobalSection
EndGlobal
